{
    "_readme": [
        "This file locks the dependencies of your project to a known state",
        "Read more about it at https://getcomposer.org/doc/01-basic-usage.md#composer-lock-the-lock-file",
        "This file is @generated automatically"
    ],
    "hash": "2f0a757b45ccae7fdae3ac62c29b996d",
    "content-hash": "c0c9dd9c1d68c4ed04d7c4916ca09d20",
    "packages": [
        {
            "name": "enobrev/api",
            "version": "dev-master",
            "source": {
                "type": "git",
                "url": "https://github.com/enobrev/api.git",
                "reference": "00025f6f7bfd9725dd3163e15df077bf3088acd9"
            },
            "dist": {
                "type": "zip",
                "url": "https://api.github.com/repos/enobrev/api/zipball/00025f6f7bfd9725dd3163e15df077bf3088acd9",
                "reference": "00025f6f7bfd9725dd3163e15df077bf3088acd9",
                "shasum": ""
            },
            "require": {
                "enobrev/orm": "dev-master",
                "enobrev/tools": "dev-master",
                "php": ">=7.0.09",
                "zendframework/zend-diactoros": "^1.3"
            },
            "require-dev": {
                "monolog/monolog": "^1.17",
                "nategood/commando": "^0.2.8",
                "phpunit/phpunit": "^5.1",
                "twig/twig": "^1.24"
            },
            "bin": [
                "bin/generate_data_map.php"
            ],
            "type": "library",
            "autoload": {
                "psr-4": {
                    "Enobrev\\API\\": "src/"
                },
                "files": [
                    "src/Constants/HTTP.php",
                    "src/Constants/Method.php",
                    "src/Constants/Role.php"
                ]
            },
            "autoload-dev": {
                "psr-4": {
                    "Enobrev\\API\\Mock\\Table\\": "tests/Mock/Table",
                    "Enobrev\\API\\Mock\\": "tests/Mock/API",
                    "Enobrev\\Test\\": "tests"
                }
            },
            "scripts": {
                "test": [
                    "phpunit"
                ]
            },
            "license": [
                "MIT"
            ],
            "authors": [
                {
                    "name": "Mark Armendariz",
                    "email": "src@enobrev.com"
                }
            ],
            "description": "REST-Like API Library",
            "support": {
                "source": "https://github.com/enobrev/api/tree/master",
                "issues": "https://github.com/enobrev/api/issues"
            },
            "time": "2016-09-10 03:54:55"
        },
        {
            "name": "enobrev/orm",
            "version": "dev-master",
            "source": {
                "type": "git",
                "url": "https://github.com/enobrev/orm.git",
                "reference": "7f8c18938ef076ff9869d422edc6000dc763737e"
            },
            "dist": {
                "type": "zip",
                "url": "https://api.github.com/repos/enobrev/orm/zipball/7f8c18938ef076ff9869d422edc6000dc763737e",
                "reference": "7f8c18938ef076ff9869d422edc6000dc763737e",
                "shasum": ""
            },
            "require": {
                "nategood/commando": "^0.2.8",
                "php": ">=7.0.09",
                "twig/twig": "^1.24"
            },
            "require-dev": {
                "enobrev/tools": "dev-master",
                "phpunit/phpunit": "^5.1",
                "phpunit/phpunit-mock-objects": "^3.0"
            },
            "bin": [
                "bin/generate_tables.php",
                "bin/sql_to_json.php"
            ],
            "type": "library",
            "autoload": {
                "psr-4": {
                    "Enobrev\\": "lib/"
                }
            },
            "autoload-dev": {
                "psr-4": {
                    "Enobrev\\ORM\\Mock\\Table\\": "tests/Mock/Table",
                    "Enobrev\\ORM\\Mock\\": "tests/Mock/"
                }
            },
            "scripts": {
                "test": [
                    "phpunit"
                ]
            },
            "license": [
                "MIT"
            ],
            "authors": [
                {
                    "name": "Mark Armendariz",
                    "email": "src@enobrev.com"
                }
            ],
            "description": "Simple ORM",
            "support": {
                "source": "https://github.com/enobrev/orm/tree/master",
                "issues": "https://github.com/enobrev/orm/issues"
            },
            "time": "2016-09-10 05:32:15"
        },
        {
            "name": "enobrev/tools",
            "version": "dev-master",
            "source": {
                "type": "git",
                "url": "https://github.com/enobrev/tools.git",
                "reference": "217b86fd2f1f3d34b85cdf79622c1948abc4ec42"
            },
            "dist": {
                "type": "zip",
                "url": "https://api.github.com/repos/enobrev/tools/zipball/217b86fd2f1f3d34b85cdf79622c1948abc4ec42",
                "reference": "217b86fd2f1f3d34b85cdf79622c1948abc4ec42",
                "shasum": ""
            },
            "require": {
                "monolog/monolog": "^1.21"
            },
            "type": "library",
            "autoload": {
                "psr-4": {
                    "Enobrev\\": "src/"
                },
                "files": [
                    "src/ErrorsToExceptions.php",
                    "src/Arrays.php",
                    "src/DateTime.php",
                    "src/Debugging.php",
                    "src/Headers.php",
                    "src/Strings.php"
                ]
            },
            "license": [
                "MIT"
            ],
            "authors": [
                {
                    "name": "Mark Armendariz",
                    "email": "src@enobrev.com"
                }
            ],
            "description": "General Tools",
            "support": {
                "source": "https://github.com/enobrev/tools/tree/master",
                "issues": "https://github.com/enobrev/tools/issues"
            },
            "time": "2016-09-07 04:10:38"
        },
        {
            "name": "kevinlebrun/colors.php",
            "version": "0.2.0",
            "source": {
                "type": "git",
                "url": "https://github.com/kevinlebrun/colors.php.git",
                "reference": "b13d23b9365ece519abc0eaa77cd3061c5810d30"
            },
            "dist": {
                "type": "zip",
                "url": "https://api.github.com/repos/kevinlebrun/colors.php/zipball/b13d23b9365ece519abc0eaa77cd3061c5810d30",
                "reference": "b13d23b9365ece519abc0eaa77cd3061c5810d30",
                "shasum": ""
            },
            "require": {
                "php": ">=5.3.0"
            },
            "type": "library",
            "autoload": {
                "psr-0": {
                    "Colors": "lib/"
                }
            },
            "notification-url": "https://packagist.org/downloads/",
            "license": [
                "MIT"
            ],
            "authors": [
                {
                    "name": "Kevin Le Brun",
                    "email": "lebrun.k@gmail.com",
                    "homepage": "http://kevinlebrun.fr",
                    "role": "developer"
                }
            ],
            "description": "Colors for PHP CLI scripts",
            "homepage": "https://github.com/kevinlebrun/colors.php",
            "keywords": [
                "cli",
                "color",
                "colors",
                "console",
                "shell"
            ],
            "time": "2012-03-25 18:18:10"
        },
        {
            "name": "monolog/monolog",
            "version": "1.21.0",
            "source": {
                "type": "git",
                "url": "https://github.com/Seldaek/monolog.git",
                "reference": "f42fbdfd53e306bda545845e4dbfd3e72edb4952"
            },
            "dist": {
                "type": "zip",
                "url": "https://api.github.com/repos/Seldaek/monolog/zipball/f42fbdfd53e306bda545845e4dbfd3e72edb4952",
                "reference": "f42fbdfd53e306bda545845e4dbfd3e72edb4952",
                "shasum": ""
            },
            "require": {
                "php": ">=5.3.0",
                "psr/log": "~1.0"
            },
            "provide": {
                "psr/log-implementation": "1.0.0"
            },
            "require-dev": {
                "aws/aws-sdk-php": "^2.4.9",
                "doctrine/couchdb": "~1.0@dev",
                "graylog2/gelf-php": "~1.0",
                "jakub-onderka/php-parallel-lint": "0.9",
                "php-amqplib/php-amqplib": "~2.4",
                "php-console/php-console": "^3.1.3",
                "phpunit/phpunit": "~4.5",
                "phpunit/phpunit-mock-objects": "2.3.0",
                "ruflin/elastica": ">=0.90 <3.0",
                "sentry/sentry": "^0.13",
                "swiftmailer/swiftmailer": "~5.3"
            },
            "suggest": {
                "aws/aws-sdk-php": "Allow sending log messages to AWS services like DynamoDB",
                "doctrine/couchdb": "Allow sending log messages to a CouchDB server",
                "ext-amqp": "Allow sending log messages to an AMQP server (1.0+ required)",
                "ext-mongo": "Allow sending log messages to a MongoDB server",
                "graylog2/gelf-php": "Allow sending log messages to a GrayLog2 server",
                "mongodb/mongodb": "Allow sending log messages to a MongoDB server via PHP Driver",
                "php-amqplib/php-amqplib": "Allow sending log messages to an AMQP server using php-amqplib",
                "php-console/php-console": "Allow sending log messages to Google Chrome",
                "rollbar/rollbar": "Allow sending log messages to Rollbar",
                "ruflin/elastica": "Allow sending log messages to an Elastic Search server",
                "sentry/sentry": "Allow sending log messages to a Sentry server"
            },
            "type": "library",
            "extra": {
                "branch-alias": {
                    "dev-master": "2.0.x-dev"
                }
            },
            "autoload": {
                "psr-4": {
                    "Monolog\\": "src/Monolog"
                }
            },
            "notification-url": "https://packagist.org/downloads/",
            "license": [
                "MIT"
            ],
            "authors": [
                {
                    "name": "Jordi Boggiano",
                    "email": "j.boggiano@seld.be",
                    "homepage": "http://seld.be"
                }
            ],
            "description": "Sends your logs to files, sockets, inboxes, databases and various web services",
            "homepage": "http://github.com/Seldaek/monolog",
            "keywords": [
                "log",
                "logging",
                "psr-3"
            ],
            "time": "2016-07-29 03:23:52"
        },
        {
            "name": "nategood/commando",
            "version": "0.2.8",
            "source": {
                "type": "git",
                "url": "https://github.com/nategood/commando.git",
                "reference": "f5833ee1daf83bbda7bf26ab2af478a9b14eecc3"
            },
            "dist": {
                "type": "zip",
                "url": "https://api.github.com/repos/nategood/commando/zipball/f5833ee1daf83bbda7bf26ab2af478a9b14eecc3",
                "reference": "f5833ee1daf83bbda7bf26ab2af478a9b14eecc3",
                "shasum": ""
            },
            "require": {
                "kevinlebrun/colors.php": "0.2.*",
                "php": ">=5.3"
            },
            "type": "library",
            "autoload": {
                "psr-0": {
                    "Commando": "src/"
                }
            },
            "notification-url": "https://packagist.org/downloads/",
            "license": [
                "MIT"
            ],
            "authors": [
                {
                    "name": "Nate Good",
                    "email": "me@nategood.com"
                }
            ],
            "description": "PHP CLI Commando Style",
            "homepage": "http://github.com/nategood/commando",
            "keywords": [
                "automation",
                "cli",
                "command",
                "command line",
                "command line interface",
                "scripting"
            ],
            "time": "2016-01-07 18:12:04"
        },
        {
            "name": "psr/http-message",
            "version": "1.0.1",
            "source": {
                "type": "git",
                "url": "https://github.com/php-fig/http-message.git",
                "reference": "f6561bf28d520154e4b0ec72be95418abe6d9363"
            },
            "dist": {
                "type": "zip",
                "url": "https://api.github.com/repos/php-fig/http-message/zipball/f6561bf28d520154e4b0ec72be95418abe6d9363",
                "reference": "f6561bf28d520154e4b0ec72be95418abe6d9363",
                "shasum": ""
            },
            "require": {
                "php": ">=5.3.0"
            },
            "type": "library",
            "extra": {
                "branch-alias": {
                    "dev-master": "1.0.x-dev"
                }
            },
            "autoload": {
                "psr-4": {
                    "Psr\\Http\\Message\\": "src/"
                }
            },
            "notification-url": "https://packagist.org/downloads/",
            "license": [
                "MIT"
            ],
            "authors": [
                {
                    "name": "PHP-FIG",
                    "homepage": "http://www.php-fig.org/"
                }
            ],
            "description": "Common interface for HTTP messages",
            "homepage": "https://github.com/php-fig/http-message",
            "keywords": [
                "http",
                "http-message",
                "psr",
                "psr-7",
                "request",
                "response"
            ],
            "time": "2016-08-06 14:39:51"
        },
        {
            "name": "psr/log",
            "version": "1.0.0",
            "source": {
                "type": "git",
                "url": "https://github.com/php-fig/log.git",
                "reference": "fe0936ee26643249e916849d48e3a51d5f5e278b"
            },
            "dist": {
                "type": "zip",
                "url": "https://api.github.com/repos/php-fig/log/zipball/fe0936ee26643249e916849d48e3a51d5f5e278b",
                "reference": "fe0936ee26643249e916849d48e3a51d5f5e278b",
                "shasum": ""
            },
            "type": "library",
            "autoload": {
                "psr-0": {
                    "Psr\\Log\\": ""
                }
            },
            "notification-url": "https://packagist.org/downloads/",
            "license": [
                "MIT"
            ],
            "authors": [
                {
                    "name": "PHP-FIG",
                    "homepage": "http://www.php-fig.org/"
                }
            ],
            "description": "Common interface for logging libraries",
            "keywords": [
                "log",
                "psr",
                "psr-3"
            ],
            "time": "2012-12-21 11:40:51"
        },
        {
            "name": "twig/twig",
            "version": "v1.24.2",
            "source": {
                "type": "git",
                "url": "https://github.com/twigphp/Twig.git",
                "reference": "33093f6e310e6976baeac7b14f3a6ec02f2d79b7"
            },
            "dist": {
                "type": "zip",
                "url": "https://api.github.com/repos/twigphp/Twig/zipball/33093f6e310e6976baeac7b14f3a6ec02f2d79b7",
                "reference": "33093f6e310e6976baeac7b14f3a6ec02f2d79b7",
                "shasum": ""
            },
            "require": {
                "php": ">=5.2.7"
            },
            "require-dev": {
                "symfony/debug": "~2.7",
                "symfony/phpunit-bridge": "~2.7"
            },
            "type": "library",
            "extra": {
                "branch-alias": {
                    "dev-master": "1.24-dev"
                }
            },
            "autoload": {
                "psr-0": {
                    "Twig_": "lib/"
                }
            },
            "notification-url": "https://packagist.org/downloads/",
            "license": [
                "BSD-3-Clause"
            ],
            "authors": [
                {
                    "name": "Fabien Potencier",
                    "email": "fabien@symfony.com",
                    "homepage": "http://fabien.potencier.org",
                    "role": "Lead Developer"
                },
                {
                    "name": "Armin Ronacher",
                    "email": "armin.ronacher@active-4.com",
                    "role": "Project Founder"
                },
                {
                    "name": "Twig Team",
                    "homepage": "http://twig.sensiolabs.org/contributors",
                    "role": "Contributors"
                }
            ],
            "description": "Twig, the flexible, fast, and secure template language for PHP",
            "homepage": "http://twig.sensiolabs.org",
            "keywords": [
                "templating"
            ],
            "time": "2016-09-01 17:50:53"
        },
        {
            "name": "zendframework/zend-diactoros",
            "version": "1.3.6",
            "source": {
                "type": "git",
                "url": "https://github.com/zendframework/zend-diactoros.git",
                "reference": "a60da179c37f2c4e44ef734d0b92824a58943f7f"
            },
            "dist": {
                "type": "zip",
                "url": "https://api.github.com/repos/zendframework/zend-diactoros/zipball/a60da179c37f2c4e44ef734d0b92824a58943f7f",
                "reference": "a60da179c37f2c4e44ef734d0b92824a58943f7f",
                "shasum": ""
            },
            "require": {
                "php": "^5.4 || ^7.0",
                "psr/http-message": "~1.0"
            },
            "provide": {
                "psr/http-message-implementation": "~1.0.0"
            },
            "require-dev": {
                "phpunit/phpunit": "^4.6 || ^5.5",
                "squizlabs/php_codesniffer": "^2.3.1"
            },
            "type": "library",
            "extra": {
                "branch-alias": {
                    "dev-master": "1.3-dev",
                    "dev-develop": "1.4-dev"
                }
            },
            "autoload": {
                "psr-4": {
                    "Zend\\Diactoros\\": "src/"
                }
            },
            "notification-url": "https://packagist.org/downloads/",
            "license": [
                "BSD-2-Clause"
            ],
            "description": "PSR HTTP Message implementations",
            "homepage": "https://github.com/zendframework/zend-diactoros",
            "keywords": [
                "http",
                "psr",
                "psr-7"
            ],
            "time": "2016-09-07 17:57:29"
        }
    ],
    "packages-dev": [],
    "aliases": [],
    "minimum-stability": "stable",
    "stability-flags": {
        "enobrev/orm": 20,
        "enobrev/tools": 20,
        "enobrev/api": 20
    },
    "prefer-stable": false,
    "prefer-lowest": false,
    "platform": [],
    "platform-dev": []
}
